{
    "_meta": {
        "hash": {
            "sha256": "f2483f6763431fbbffa95eac986b20d7c945072a8b1e43b7b681e44960f70aca"
        },
        "pipfile-spec": 6,
        "requires": {
            "python_version": "3.8"
        },
        "sources": [
            {
                "name": "pypi",
                "url": "https://pypi.org/simple",
                "verify_ssl": true
            }
        ]
    },
    "default": {
        "appdirs": {
            "hashes": [
                "sha256:7d5d0167b2b1ba821647616af46a749d1c653740dd0d2415100fe26e27afdf41",
                "sha256:a841dacd6b99318a741b166adb07e19ee71a274450e68237b4650ca1055ab128"
            ],
            "version": "==1.4.4"
        },
        "buildozer": {
            "hashes": [
                "sha256:39c9511fa5313c2aa5df6f0761ac568a7fd6773ebf81ee14a16ab5fea6f27fe4",
                "sha256:dd73cb9ade229b99d555c54cea82c4ea7969061b585c1bb07bc76619df53f6c9"
            ],
            "index": "pypi",
            "version": "==1.2.0"
        },
        "certifi": {
            "hashes": [
                "sha256:1a4995114262bffbc2413b159f2a1a480c969de6e6eb13ee966d470af86af59c",
                "sha256:719a74fb9e33b9bd44cc7f3a8d94bc35e4049deebe19ba7d8e108280cfd59830"
            ],
            "version": "==2020.12.5"
        },
        "chardet": {
            "hashes": [
                "sha256:0d6f53a15db4120f2b08c94f11e7d93d2c911ee118b6b30a04ec3ee8310179fa",
                "sha256:f864054d66fd9118f2e67044ac8981a54775ec5b67aed0441892edb553d21da5"
            ],
            "markers": "python_version >= '2.7' and python_version not in '3.0, 3.1, 3.2, 3.3, 3.4'",
            "version": "==4.0.0"
        },
        "distlib": {
            "hashes": [
                "sha256:8c09de2c67b3e7deef7184574fc060ab8a793e7adbb183d942c389c8b13c52fb",
                "sha256:edf6116872c863e1aa9d5bb7cb5e05a022c519a4594dc703843343a9ddd9bff1"
            ],
            "version": "==0.3.1"
        },
        "docutils": {
            "hashes": [
                "sha256:0c5b78adfbf7762415433f5515cd5c9e762339e23369dbe8000d84a4bf4ab3af",
                "sha256:c2de3a60e9e7d07be26b7f2b00ca0309c207e06c100f9cc2a94931fc75a478fc"
            ],
            "markers": "python_version >= '2.7' and python_version not in '3.0, 3.1, 3.2, 3.3, 3.4'",
            "version": "==0.16"
        },
        "filelock": {
            "hashes": [
                "sha256:18d82244ee114f543149c66a6e0c14e9c4f8a1044b5cdaadd0f82159d6a6ff59",
                "sha256:929b7d63ec5b7d6b71b0fa5ac14e030b3f70b75747cef1b10da9b879fef15836"
            ],
            "version": "==3.0.12"
        },
        "idna": {
            "hashes": [
                "sha256:b307872f855b18632ce0c21c5e45be78c0ea7ae4c15c828c20788b26921eb3f6",
                "sha256:b97d804b1e9b523befed77c48dacec60e6dcb0b5391d57af6a65a312a90648c0"
            ],
            "markers": "python_version >= '2.7' and python_version not in '3.0, 3.1, 3.2, 3.3'",
            "version": "==2.10"
        },
        "kivy": {
            "extras": [
                "base"
            ],
            "hashes": [
                "sha256:23a7538f9c02e5d7f82f0b92d7fd313fa21ee8f0bd9890283fc7e7b02090f101",
                "sha256:256846daa1a35b54b00426f7468423a962c3d8f909d7e8c713acab55c3281dee",
                "sha256:3e739c04d3a2f38cb76779d721487131cff8ed84dbc1730d5025d62306bf6e52",
                "sha256:5bd7dba6b0bc1f71623fa734fd63e38038772336995a334718cf8474a877eb40",
                "sha256:7d736474c8075d6ee17203bd5bd42d74307239409442b27d5bcb3f3641ab0414",
                "sha256:802982bbc7ff45bc2fa8af3816008252a3e63ded949a9f5ed6d361ecb3cfc2b7",
                "sha256:86cf1f0e40ef411872c9dbc75fc1e17ec6579d1e55cafe286da6c67c07dba4cb",
                "sha256:8973ed9f0cb0d9ef0f3a520841c61c0093788a7382e8ebe7c108ec03766d9fef",
                "sha256:98ed5f46f05707a80e32a4fdd7e9fce4ac5f15da8fc83f91d5769dc66f137e20",
                "sha256:a4a693d6d1fc26928498512b9da797581e407543a644b4e0c92b9297ea2fbec9",
                "sha256:aae542f2c030d4d95f5a717b7c862cd9537b74b99010b08807db63fdd9b029e0",
                "sha256:bfb6b801599eac5aa9388308119d42a637a495945c79e2e2a3f6ef60c563c770",
                "sha256:d25e44eb44e43762b2fd0c5874e51954e0f1181fd9800d8a6756be6d084812d8",
                "sha256:eb1cc4c1e223e290d413a383ac864d29d098b8abba8e881159c7d1177c6579af",
                "sha256:eca7bde37a2cffffdcdde85ac385c2e55d776333db00be0497bf884f61022d24",
                "sha256:ed1c3076d9ef1171f6076b3b97215e5c0bcea831ca308722677611a551f16b1b",
                "sha256:ef3727a47a565e6ea486365ee310bfb0445fcf7f0ab40c1461cbf304973637eb"
            ],
            "index": "pypi",
            "version": "==2.0.0"
        },
        "kivy-deps.angle": {
            "hashes": [
                "sha256:50605fdd4c9fdbe9f717069734a598a9aba0afe5d3f0412afbe2ecff0326e92d",
                "sha256:64ac7f33c000585dc30194e604aed925972c6b7c3848b5c3b073ae916fb0b55c",
                "sha256:99c40d53582a958748e251dfbd61aa67fb85963e27529ca08a21f2f5eeed04e1",
                "sha256:a2cea09e8a5e899629466403fbd540459f1cdef8d08c6c479b6607b95309be02",
                "sha256:b167e19b3eea55a9a8c606a607bb909ec1bedda88deee40347c780b310155a79",
                "sha256:b9d07976b0bf6bac724a42aa8ed5a8c7caa95609046db30c8f15bb731f8e4d36",
                "sha256:bb4d53f15a093214adbbe205c108ede5cc0f6af6eff104c1b8c468ddaaf6400a",
                "sha256:d0e7b7b9eb9669837a5d70808a7ea45f2b61961b56f9f69a233bad6bd36ce260"
            ],
            "markers": "sys_platform == 'win32'",
            "version": "==0.3.0"
        },
        "kivy-deps.glew": {
            "hashes": [
                "sha256:28aa195875a767314b12091842bdcf832401077f9e65dd9975059ddb978f2f75",
                "sha256:3e6f3376ea65b3ced19f07c63f831aa8d3028fac6970d01b400b031fbb8bbe4d",
                "sha256:4166c62999ed8a68036540bf154e25cc92ec1563fe78111926238f59b44a9af3",
                "sha256:5a63e3dd0affef2613410fe5b9b8572f1932ae2285db60071446d62f37961825",
                "sha256:6c941f321fa8fd34083054f74b9a810bc2a1f3e2560e4fa3df31995c9971f94a",
                "sha256:a57fece21c313c90c0f51a0c2b3e172a2f807bee867e0e5fad1cc014213a3543",
                "sha256:a79cc62489b1fc8dbe62aab7482865c670e1e781ec9b3f0d93f5bc87423af435",
                "sha256:f836e249970b2e1fc0a0d1bd3716892165ee5180214c071c0f804a934c363396"
            ],
            "markers": "sys_platform == 'win32'",
            "version": "==0.3.0"
        },
        "kivy-deps.sdl2": {
            "hashes": [
                "sha256:3e37948c010681e3f58c408940e62106226a2b1e5a2bf7764469cfd683025698",
                "sha256:4a5550410e2649b72984d294fb45564bc8d76fc0bef009406d8cb328d994855c",
                "sha256:50726d6aeba460be1a9bd944ff0e763e58e122ef04b82ccbd03947ae7585cde4",
                "sha256:549e6423f55216bc761a11ec91508eb6fe836ffb984c7a3c7a58b7543d8f8f77",
                "sha256:560de04f15f59e8e94955442b72d1a1164989d3d502b5a9d132437a4c229e52f",
                "sha256:984e7fa9e1fe06fd902bb745e986300b65e00ba0eb4ecfe278f52a1915370cd0",
                "sha256:a7cee2215eb428b0be34c1da0fad806036b1382804c0e4ef62b19b11320c8462",
                "sha256:e9ad50f2f469c8bd92720f547ab722cc36ef13c1a25ef78154b6ab90d48bd960"
            ],
            "markers": "sys_platform == 'win32'",
            "version": "==0.3.1"
        },
        "kivy-garden": {
            "hashes": [
                "sha256:9b7d9de5efacbcd0c4b3dd873b30622a86093c9965aa47b523c7a32f3eb34610",
                "sha256:c256f42788421273a08fbb0a228f0fb0e80dd86b629fb8c0920507f645be6c72"
            ],
            "version": "==0.1.4"
        },
        "pexpect": {
            "hashes": [
                "sha256:0b48a55dcb3c05f3329815901ea4fc1537514d6ba867a152b581d69ae3710937",
                "sha256:fc65a43959d153d0114afe13997d439c22823a27cefceb5ff35c2178c6784c0c"
            ],
            "version": "==4.8.0"
        },
        "pillow": {
            "hashes": [
                "sha256:006de60d7580d81f4a1a7e9f0173dc90a932e3905cc4d47ea909bc946302311a",
                "sha256:0a2e8d03787ec7ad71dc18aec9367c946ef8ef50e1e78c71f743bc3a770f9fae",
                "sha256:0eeeae397e5a79dc088d8297a4c2c6f901f8fb30db47795113a4a605d0f1e5ce",
                "sha256:11c5c6e9b02c9dac08af04f093eb5a2f84857df70a7d4a6a6ad461aca803fb9e",
                "sha256:2fb113757a369a6cdb189f8df3226e995acfed0a8919a72416626af1a0a71140",
                "sha256:4b0ef2470c4979e345e4e0cc1bbac65fda11d0d7b789dbac035e4c6ce3f98adb",
                "sha256:59e903ca800c8cfd1ebe482349ec7c35687b95e98cefae213e271c8c7fffa021",
                "sha256:5abd653a23c35d980b332bc0431d39663b1709d64142e3652890df4c9b6970f6",
                "sha256:5f9403af9c790cc18411ea398a6950ee2def2a830ad0cfe6dc9122e6d528b302",
                "sha256:6b4a8fd632b4ebee28282a9fef4c341835a1aa8671e2770b6f89adc8e8c2703c",
                "sha256:6c1aca8231625115104a06e4389fcd9ec88f0c9befbabd80dc206c35561be271",
                "sha256:795e91a60f291e75de2e20e6bdd67770f793c8605b553cb6e4387ce0cb302e09",
                "sha256:7ba0ba61252ab23052e642abdb17fd08fdcfdbbf3b74c969a30c58ac1ade7cd3",
                "sha256:7c9401e68730d6c4245b8e361d3d13e1035cbc94db86b49dc7da8bec235d0015",
                "sha256:81f812d8f5e8a09b246515fac141e9d10113229bc33ea073fec11403b016bcf3",
                "sha256:895d54c0ddc78a478c80f9c438579ac15f3e27bf442c2a9aa74d41d0e4d12544",
                "sha256:8de332053707c80963b589b22f8e0229f1be1f3ca862a932c1bcd48dafb18dd8",
                "sha256:92c882b70a40c79de9f5294dc99390671e07fc0b0113d472cbea3fde15db1792",
                "sha256:95edb1ed513e68bddc2aee3de66ceaf743590bf16c023fb9977adc4be15bd3f0",
                "sha256:b63d4ff734263ae4ce6593798bcfee6dbfb00523c82753a3a03cbc05555a9cc3",
                "sha256:bd7bf289e05470b1bc74889d1466d9ad4a56d201f24397557b6f65c24a6844b8",
                "sha256:cc3ea6b23954da84dbee8025c616040d9aa5eaf34ea6895a0a762ee9d3e12e11",
                "sha256:cc9ec588c6ef3a1325fa032ec14d97b7309db493782ea8c304666fb10c3bd9a7",
                "sha256:d3d07c86d4efa1facdf32aa878bd508c0dc4f87c48125cc16b937baa4e5b5e11",
                "sha256:d8a96747df78cda35980905bf26e72960cba6d355ace4780d4bdde3b217cdf1e",
                "sha256:e38d58d9138ef972fceb7aeec4be02e3f01d383723965bfcef14d174c8ccd039",
                "sha256:eb472586374dc66b31e36e14720747595c2b265ae962987261f044e5cce644b5",
                "sha256:fbd922f702582cb0d71ef94442bfca57624352622d75e3be7a1e7e9360b07e72"
            ],
            "version": "==8.0.1"
        },
        "ptyprocess": {
            "hashes": [
                "sha256:923f299cc5ad920c68f2bc0bc98b75b9f838b93b599941a6b63ddbc2476394c0",
                "sha256:d7cc528d76e76342423ca640335bd3633420dc1366f258cb31d05e865ef5ca1f"
            ],
            "version": "==0.6.0"
        },
        "pygments": {
            "hashes": [
                "sha256:ccf3acacf3782cbed4a989426012f1c535c9a90d3a7fc3f16d231b9372d2b716",
                "sha256:f275b6c0909e5dafd2d6269a656aa90fa58ebf4a74f8fcf9053195d226b24a08"
            ],
            "markers": "python_version >= '3.5'",
            "version": "==2.7.3"
        },
        "pypiwin32": {
            "hashes": [
                "sha256:67adf399debc1d5d14dffc1ab5acacb800da569754fafdc576b2a039485aa775",
                "sha256:71be40c1fbd28594214ecaecb58e7aa8b708eabfa0125c8a109ebd51edbd776a"
            ],
            "markers": "sys_platform == 'win32'",
            "version": "==223"
        },
        "pyqt5": {
            "hashes": [
                "sha256:29889845688a54d62820585ad5b2e0200a36b304ff3d7a555e95599f110ba4ce",
                "sha256:372b08dc9321d1201e4690182697c5e7ffb2e0770e6b4a45519025134b12e4fc",
                "sha256:894ca4ae767a8d6cf5903784b71f755073c78cb8c167eecf6e4ed6b3b055ac6a",
                "sha256:ea24f24b7679bf393dd2e4f53fe0ce65021be18304c1ff7a226c2fc5c356d0da",
                "sha256:faaecb76ec65e12673a968e7f5bc02495957e6996f0a3fa0d98895f9e4113746"
            ],
            "index": "pypi",
            "version": "==5.15.2"
        },
        "pyqt5-sip": {
            "hashes": [
                "sha256:0304ca9114b9817a270f67f421355075b78ff9fc25ac58ffd72c2601109d2194",
                "sha256:0cd969be528c27bbd4755bd323dff4a79a8fdda28215364e6ce3e069cb56c2a9",
                "sha256:2f35e82fd7ec1e1f6716e9154721c7594956a4f5bd4f826d8c6a6453833cc2f0",
                "sha256:30e944db9abee9cc757aea16906d4198129558533eb7fadbe48c5da2bd18e0bd",
                "sha256:34dcd29be47553d5f016ff86e89e24cbc5eebae92eb2f96fb32d2d7ba028c43c",
                "sha256:5a011aeff89660622a6d5c3388d55a9d76932f3b82c95e82fc31abd8b1d2990d",
                "sha256:6c1ebee60f1d2b3c70aff866b7933d8d8d7646011f7c32f9321ee88c290aa4f9",
                "sha256:7b81382ce188d63890a0e35abe0f9bb946cabc873a31873b73583b0fc84ac115",
                "sha256:832fd60a264de4134c2824d393320838f3ab648180c9c357ec58a74524d24507",
                "sha256:84ba7746762bd223bed22428e8561aa267a229c28344c2d28c5d5d3f8970cffb",
                "sha256:9312ec47cac4e33c11503bc1cbeeb0bdae619620472f38e2078c5a51020a930f",
                "sha256:a1b8ef013086e224b8e86c93f880f776d01b59195bdfa2a8e0b23f0480678fec",
                "sha256:a29e2ac399429d3b7738f73e9081e50783e61ac5d29344e0802d0dcd6056c5a2",
                "sha256:b6d42250baec52a5f77de64e2951d001c5501c3a2df2179f625b241cbaec3369",
                "sha256:bb5a87b66fc1445915104ee97f7a20a69decb42f52803e3b0795fa17ff88226c",
                "sha256:c317ab1263e6417c498b81f5c970a9b1af7acefab1f80b4cc0f2f8e661f29fc5",
                "sha256:c9800729badcb247765e4ffe2241549d02da1fa435b9db224845bc37c3e99cb0",
                "sha256:c9d6d448c29dc6606bb7974696608f81f4316c8234f7c7216396ed110075e777",
                "sha256:da9c9f1e65b9d09e73bd75befc82961b6b61b5a3b9d0a7c832168e1415f163c6",
                "sha256:ed897c58acf4a3cdca61469daa31fe6e44c33c6c06a37c3f21fab31780b3b86a",
                "sha256:f168f0a7f32b81bfeffdf003c36f25d81c97dee5eb67072a5183e761fe250f13"
            ],
            "markers": "python_version >= '3.5'",
            "version": "==12.8.1"
        },
        "pyside6": {
            "hashes": [
                "sha256:71a4b7f3e2a35beaebb01c7c0e4fc5aa1e97c149c43966d05d1e213c1b679eeb",
                "sha256:73f7c403747b2dd601406d0d6e94e6fe6e56e962fb11da4b47222e5241acc99a",
                "sha256:a5f4e6494d2f45d4c30d17b70f9137b36312aa29b132eee479a366276ec7255c"
            ],
            "index": "pypi",
            "version": "==6.0.0"
        },
        "pywin32": {
            "hashes": [
                "sha256:1c204a81daed2089e55d11eefa4826c05e604d27fe2be40b6bf8db7b6a39da63",
                "sha256:27a30b887afbf05a9cbb05e3ffd43104a9b71ce292f64a635389dbad0ed1cd85",
                "sha256:350c5644775736351b77ba68da09a39c760d75d2467ecec37bd3c36a94fbed64",
                "sha256:60a8fa361091b2eea27f15718f8eb7f9297e8d51b54dbc4f55f3d238093d5190",
                "sha256:638b68eea5cfc8def537e43e9554747f8dee786b090e47ead94bfdafdb0f2f50",
                "sha256:8151e4d7a19262d6694162d6da85d99a16f8b908949797fd99c83a0bfaf5807d",
                "sha256:a3b4c48c852d4107e8a8ec980b76c94ce596ea66d60f7a697582ea9dce7e0db7",
                "sha256:b1609ce9bd5c411b81f941b246d683d6508992093203d4eb7f278f4ed1085c3f",
                "sha256:d7e8c7efc221f10d6400c19c32a031add1c4a58733298c09216f57b4fde110dc",
                "sha256:fbb3b1b0fbd0b4fc2a3d1d81fe0783e30062c1abed1d17c32b7879d55858cfae"
            ],
            "version": "==300"
        },
        "requests": {
            "hashes": [
                "sha256:27973dd4a904a4f13b263a19c866c13b92a39ed1c964655f025f3f8d3d75b804",
                "sha256:c210084e36a42ae6b9219e00e48287def368a26d03a048ddad7bfee44f75871e"
            ],
            "markers": "python_version >= '2.7' and python_version not in '3.0, 3.1, 3.2, 3.3, 3.4'",
            "version": "==2.25.1"
        },
        "sh": {
            "hashes": [
                "sha256:39aa9af22f6558a0c5d132881cf43e34828ca03e4ae11114852ca6a55c7c1d8e",
                "sha256:75e86a836f47de095d4531718fe8489e6f7446c75ddfa5596f632727b919ffae"
            ],
            "version": "==1.14.1"
        },
        "shiboken6": {
            "hashes": [
                "sha256:18e81fd03715459f58e74503f8bfc02878402d98839da53808ff1f97c9168841",
                "sha256:c128ed32db6fb82da8646e35c695b37586d1967a70efe5ebafbf9f5da9a04060",
                "sha256:fe4d1095db3d5437aa4a27161c969c03cdcb0df3dd91c06ee44efad37d50a7e9"
            ],
            "markers": "python_version < '3.10' and python_version >= '3.6'",
            "version": "==6.0.0"
        },
        "six": {
            "hashes": [
                "sha256:30639c035cdb23534cd4aa2dd52c3bf48f06e5f4a941509c8bafd8ce11080259",
                "sha256:8b74bedcbbbaca38ff6d7491d76f2b06b3592611af620f8426e82dddb04a5ced"
            ],
            "markers": "python_version >= '2.7' and python_version not in '3.0, 3.1, 3.2, 3.3'",
            "version": "==1.15.0"
        },
        "urllib3": {
            "hashes": [
                "sha256:19188f96923873c92ccb987120ec4acaa12f0461fa9ce5d3d0772bc965a39e08",
                "sha256:d8ff90d979214d7b4f8ce956e80f4028fc6860e4431f731ea4a8c08f23f99473"
            ],
            "markers": "python_version >= '2.7' and python_version not in '3.0, 3.1, 3.2, 3.3, 3.4' and python_version < '4'",
            "version": "==1.26.2"
        },
        "virtualenv": {
            "hashes": [
                "sha256:54b05fc737ea9c9ee9f8340f579e5da5b09fb64fd010ab5757eb90268616907c",
                "sha256:b7a8ec323ee02fb2312f098b6b4c9de99559b462775bc8fe3627a73706603c1b"
            ],
            "markers": "python_version >= '2.7' and python_version not in '3.0, 3.1, 3.2, 3.3'",
            "version": "==20.2.2"
        }
    },
    "develop": {}
}
